// !$*UTF8*$!
{
	archiveVersion = 1;
	classes = {
	};
	objectVersion = 55;
	objects = {

/* Begin PBXBuildFile section */
		1374EDB02A7057E2003A2C6F /* AppDelegate.swift in Sources */ = {isa = PBXBuildFile; fileRef = 1374EDAF2A7057E2003A2C6F /* AppDelegate.swift */; };
		1374EDB22A7057E2003A2C6F /* SceneDelegate.swift in Sources */ = {isa = PBXBuildFile; fileRef = 1374EDB12A7057E2003A2C6F /* SceneDelegate.swift */; };
		1374EDB92A7057E4003A2C6F /* Assets.xcassets in Resources */ = {isa = PBXBuildFile; fileRef = 1374EDB82A7057E4003A2C6F /* Assets.xcassets */; };
		1374EDC72A7057E4003A2C6F /* CarbonTrackrOfficialTests.swift in Sources */ = {isa = PBXBuildFile; fileRef = 1374EDC62A7057E4003A2C6F /* CarbonTrackrOfficialTests.swift */; };
		1374EDD12A7057E4003A2C6F /* CarbonTrackrOfficialUITests.swift in Sources */ = {isa = PBXBuildFile; fileRef = 1374EDD02A7057E4003A2C6F /* CarbonTrackrOfficialUITests.swift */; };
		1374EDD32A7057E4003A2C6F /* CarbonTrackrOfficialUITestsLaunchTests.swift in Sources */ = {isa = PBXBuildFile; fileRef = 1374EDD22A7057E4003A2C6F /* CarbonTrackrOfficialUITestsLaunchTests.swift */; };
		8D2772B92A7AC4D80013FE6D /* LaunchScreen.storyboard in Resources */ = {isa = PBXBuildFile; fileRef = 8D2772B82A7AC4D70013FE6D /* LaunchScreen.storyboard */; };
		8D3E5C242A7E0FBA00E466E4 /* FirebaseAnalytics in Frameworks */ = {isa = PBXBuildFile; productRef = 8D3E5C232A7E0FBA00E466E4 /* FirebaseAnalytics */; };
		8D3E5C262A7E0FBA00E466E4 /* FirebaseAnalyticsSwift in Frameworks */ = {isa = PBXBuildFile; productRef = 8D3E5C252A7E0FBA00E466E4 /* FirebaseAnalyticsSwift */; };
		8D3E5C292A7E1C9300E466E4 /* GoogleSignIn in Frameworks */ = {isa = PBXBuildFile; productRef = 8D3E5C282A7E1C9300E466E4 /* GoogleSignIn */; };
		8D3E5C2B2A7E1C9300E466E4 /* GoogleSignInSwift in Frameworks */ = {isa = PBXBuildFile; productRef = 8D3E5C2A2A7E1C9300E466E4 /* GoogleSignInSwift */; };
		8D3E5C2E2A7E21C300E466E4 /* FirebaseAuth in Frameworks */ = {isa = PBXBuildFile; productRef = 8D3E5C2D2A7E21C300E466E4 /* FirebaseAuth */; };
		8D3E5C302A7E258C00E466E4 /* FirebaseDatabase in Frameworks */ = {isa = PBXBuildFile; productRef = 8D3E5C2F2A7E258C00E466E4 /* FirebaseDatabase */; };
		8D3E5C322A7EB57600E466E4 /* FirebaseFirestoreSwift in Frameworks */ = {isa = PBXBuildFile; productRef = 8D3E5C312A7EB57600E466E4 /* FirebaseFirestoreSwift */; };
		8D3E5C342A7EB57B00E466E4 /* FirebaseFirestore in Frameworks */ = {isa = PBXBuildFile; productRef = 8D3E5C332A7EB57B00E466E4 /* FirebaseFirestore */; };
		8D5716BD2A81F6390086722D /* CreateAccount.swift in Sources */ = {isa = PBXBuildFile; fileRef = 8D5716BC2A81F6390086722D /* CreateAccount.swift */; };
		8D9D01552A73315000223224 /* ViewController.swift in Sources */ = {isa = PBXBuildFile; fileRef = 8D9D01542A73315000223224 /* ViewController.swift */; };
		8D9D01572A73316600223224 /* LogInView.swift in Sources */ = {isa = PBXBuildFile; fileRef = 8D9D01562A73316600223224 /* LogInView.swift */; };
		8DBD30DB2A82CBE300F165CA /* GoogleService-Info.plist in Resources */ = {isa = PBXBuildFile; fileRef = 8DBD30DA2A82CBE300F165CA /* GoogleService-Info.plist */; };
		8DF9FC372A82CD5300E6B3DA /* Main.storyboard in Resources */ = {isa = PBXBuildFile; fileRef = 8DF9FC362A82CD5300E6B3DA /* Main.storyboard */; };
/* End PBXBuildFile section */

/* Begin PBXContainerItemProxy section */
		1374EDC32A7057E4003A2C6F /* PBXContainerItemProxy */ = {
			isa = PBXContainerItemProxy;
			containerPortal = 1374EDA42A7057E2003A2C6F /* Project object */;
			proxyType = 1;
			remoteGlobalIDString = 1374EDAB2A7057E2003A2C6F;
			remoteInfo = CarbonTrackrOfficial;
		};
		1374EDCD2A7057E4003A2C6F /* PBXContainerItemProxy */ = {
			isa = PBXContainerItemProxy;
			containerPortal = 1374EDA42A7057E2003A2C6F /* Project object */;
			proxyType = 1;
			remoteGlobalIDString = 1374EDAB2A7057E2003A2C6F;
			remoteInfo = CarbonTrackrOfficial;
		};
/* End PBXContainerItemProxy section */

/* Begin PBXFileReference section */
		1374EDAC2A7057E2003A2C6F /* CarbonTrackrOfficial.app */ = {isa = PBXFileReference; explicitFileType = wrapper.application; includeInIndex = 0; path = CarbonTrackrOfficial.app; sourceTree = BUILT_PRODUCTS_DIR; };
		1374EDAF2A7057E2003A2C6F /* AppDelegate.swift */ = {isa = PBXFileReference; lastKnownFileType = sourcecode.swift; path = AppDelegate.swift; sourceTree = "<group>"; };
		1374EDB12A7057E2003A2C6F /* SceneDelegate.swift */ = {isa = PBXFileReference; lastKnownFileType = sourcecode.swift; path = SceneDelegate.swift; sourceTree = "<group>"; };
		1374EDB82A7057E4003A2C6F /* Assets.xcassets */ = {isa = PBXFileReference; lastKnownFileType = folder.assetcatalog; path = Assets.xcassets; sourceTree = "<group>"; };
		1374EDBD2A7057E4003A2C6F /* Info.plist */ = {isa = PBXFileReference; lastKnownFileType = text.plist.xml; path = Info.plist; sourceTree = "<group>"; };
		1374EDC22A7057E4003A2C6F /* CarbonTrackrOfficialTests.xctest */ = {isa = PBXFileReference; explicitFileType = wrapper.cfbundle; includeInIndex = 0; path = CarbonTrackrOfficialTests.xctest; sourceTree = BUILT_PRODUCTS_DIR; };
		1374EDC62A7057E4003A2C6F /* CarbonTrackrOfficialTests.swift */ = {isa = PBXFileReference; lastKnownFileType = sourcecode.swift; path = CarbonTrackrOfficialTests.swift; sourceTree = "<group>"; };
		1374EDCC2A7057E4003A2C6F /* CarbonTrackrOfficialUITests.xctest */ = {isa = PBXFileReference; explicitFileType = wrapper.cfbundle; includeInIndex = 0; path = CarbonTrackrOfficialUITests.xctest; sourceTree = BUILT_PRODUCTS_DIR; };
		1374EDD02A7057E4003A2C6F /* CarbonTrackrOfficialUITests.swift */ = {isa = PBXFileReference; lastKnownFileType = sourcecode.swift; path = CarbonTrackrOfficialUITests.swift; sourceTree = "<group>"; };
		1374EDD22A7057E4003A2C6F /* CarbonTrackrOfficialUITestsLaunchTests.swift */ = {isa = PBXFileReference; lastKnownFileType = sourcecode.swift; path = CarbonTrackrOfficialUITestsLaunchTests.swift; sourceTree = "<group>"; };
		8D2772B82A7AC4D70013FE6D /* LaunchScreen.storyboard */ = {isa = PBXFileReference; fileEncoding = 4; lastKnownFileType = file.storyboard; path = LaunchScreen.storyboard; sourceTree = "<group>"; };
		8D5716BC2A81F6390086722D /* CreateAccount.swift */ = {isa = PBXFileReference; lastKnownFileType = sourcecode.swift; path = CreateAccount.swift; sourceTree = "<group>"; };
		8D9D01542A73315000223224 /* ViewController.swift */ = {isa = PBXFileReference; fileEncoding = 4; lastKnownFileType = sourcecode.swift; path = ViewController.swift; sourceTree = "<group>"; };
		8D9D01562A73316600223224 /* LogInView.swift */ = {isa = PBXFileReference; fileEncoding = 4; lastKnownFileType = sourcecode.swift; path = LogInView.swift; sourceTree = "<group>"; };
		8DBD30DA2A82CBE300F165CA /* GoogleService-Info.plist */ = {isa = PBXFileReference; fileEncoding = 4; lastKnownFileType = text.plist.xml; path = "GoogleService-Info.plist"; sourceTree = "<group>"; };
		8DF9FC362A82CD5300E6B3DA /* Main.storyboard */ = {isa = PBXFileReference; fileEncoding = 4; lastKnownFileType = file.storyboard; name = Main.storyboard; path = ../../../../Desktop/Main.storyboard; sourceTree = "<group>"; };
/* End PBXFileReference section */

/* Begin PBXFrameworksBuildPhase section */
		1374EDA92A7057E2003A2C6F /* Frameworks */ = {
			isa = PBXFrameworksBuildPhase;
			buildActionMask = 2147483647;
			files = (
				8D3E5C302A7E258C00E466E4 /* FirebaseDatabase in Frameworks */,
				8D3E5C262A7E0FBA00E466E4 /* FirebaseAnalyticsSwift in Frameworks */,
				8D3E5C2E2A7E21C300E466E4 /* FirebaseAuth in Frameworks */,
				8D3E5C322A7EB57600E466E4 /* FirebaseFirestoreSwift in Frameworks */,
				8D3E5C242A7E0FBA00E466E4 /* FirebaseAnalytics in Frameworks */,
				8D3E5C342A7EB57B00E466E4 /* FirebaseFirestore in Frameworks */,
				8D3E5C292A7E1C9300E466E4 /* GoogleSignIn in Frameworks */,
				8D3E5C2B2A7E1C9300E466E4 /* GoogleSignInSwift in Frameworks */,
			);
			runOnlyForDeploymentPostprocessing = 0;
		};
		1374EDBF2A7057E4003A2C6F /* Frameworks */ = {
			isa = PBXFrameworksBuildPhase;
			buildActionMask = 2147483647;
			files = (
			);
			runOnlyForDeploymentPostprocessing = 0;
		};
		1374EDC92A7057E4003A2C6F /* Frameworks */ = {
			isa = PBXFrameworksBuildPhase;
			buildActionMask = 2147483647;
			files = (
			);
			runOnlyForDeploymentPostprocessing = 0;
		};
/* End PBXFrameworksBuildPhase section */

/* Begin PBXGroup section */
		1374EDA32A7057E2003A2C6F = {
			isa = PBXGroup;
			children = (
				1374EDAE2A7057E2003A2C6F /* CarbonTrackrOfficial */,
				1374EDC52A7057E4003A2C6F /* CarbonTrackrOfficialTests */,
				1374EDCF2A7057E4003A2C6F /* CarbonTrackrOfficialUITests */,
				1374EDAD2A7057E2003A2C6F /* Products */,
				8D3E5C2C2A7E21C300E466E4 /* Frameworks */,
			);
			sourceTree = "<group>";
		};
		1374EDAD2A7057E2003A2C6F /* Products */ = {
			isa = PBXGroup;
			children = (
				1374EDAC2A7057E2003A2C6F /* CarbonTrackrOfficial.app */,
				1374EDC22A7057E4003A2C6F /* CarbonTrackrOfficialTests.xctest */,
				1374EDCC2A7057E4003A2C6F /* CarbonTrackrOfficialUITests.xctest */,
			);
			name = Products;
			sourceTree = "<group>";
		};
		1374EDAE2A7057E2003A2C6F /* CarbonTrackrOfficial */ = {
			isa = PBXGroup;
			children = (
				1374EDAF2A7057E2003A2C6F /* AppDelegate.swift */,
				1374EDB12A7057E2003A2C6F /* SceneDelegate.swift */,
				8D9D01542A73315000223224 /* ViewController.swift */,
				8D5716BC2A81F6390086722D /* CreateAccount.swift */,
				8D9D01562A73316600223224 /* LogInView.swift */,
				8DF9FC362A82CD5300E6B3DA /* Main.storyboard */,
				8D2772B82A7AC4D70013FE6D /* LaunchScreen.storyboard */,
				1374EDB82A7057E4003A2C6F /* Assets.xcassets */,
				1374EDBD2A7057E4003A2C6F /* Info.plist */,
				8DBD30DA2A82CBE300F165CA /* GoogleService-Info.plist */,
			);
			path = CarbonTrackrOfficial;
			sourceTree = "<group>";
		};
		1374EDC52A7057E4003A2C6F /* CarbonTrackrOfficialTests */ = {
			isa = PBXGroup;
			children = (
				1374EDC62A7057E4003A2C6F /* CarbonTrackrOfficialTests.swift */,
			);
			path = CarbonTrackrOfficialTests;
			sourceTree = "<group>";
		};
		1374EDCF2A7057E4003A2C6F /* CarbonTrackrOfficialUITests */ = {
			isa = PBXGroup;
			children = (
				1374EDD02A7057E4003A2C6F /* CarbonTrackrOfficialUITests.swift */,
				1374EDD22A7057E4003A2C6F /* CarbonTrackrOfficialUITestsLaunchTests.swift */,
			);
			path = CarbonTrackrOfficialUITests;
			sourceTree = "<group>";
		};
		8D3E5C2C2A7E21C300E466E4 /* Frameworks */ = {
			isa = PBXGroup;
			children = (
			);
			name = Frameworks;
			sourceTree = "<group>";
		};
/* End PBXGroup section */

/* Begin PBXNativeTarget section */
		1374EDAB2A7057E2003A2C6F /* CarbonTrackrOfficial */ = {
			isa = PBXNativeTarget;
			buildConfigurationList = 1374EDD62A7057E4003A2C6F /* Build configuration list for PBXNativeTarget "CarbonTrackrOfficial" */;
			buildPhases = (
				1374EDA82A7057E2003A2C6F /* Sources */,
				1374EDA92A7057E2003A2C6F /* Frameworks */,
				1374EDAA2A7057E2003A2C6F /* Resources */,
			);
			buildRules = (
			);
			dependencies = (
			);
			name = CarbonTrackrOfficial;
			packageProductDependencies = (
				8D3E5C232A7E0FBA00E466E4 /* FirebaseAnalytics */,
				8D3E5C252A7E0FBA00E466E4 /* FirebaseAnalyticsSwift */,
				8D3E5C282A7E1C9300E466E4 /* GoogleSignIn */,
				8D3E5C2A2A7E1C9300E466E4 /* GoogleSignInSwift */,
				8D3E5C2D2A7E21C300E466E4 /* FirebaseAuth */,
				8D3E5C2F2A7E258C00E466E4 /* FirebaseDatabase */,
				8D3E5C312A7EB57600E466E4 /* FirebaseFirestoreSwift */,
				8D3E5C332A7EB57B00E466E4 /* FirebaseFirestore */,
			);
			productName = CarbonTrackrOfficial;
			productReference = 1374EDAC2A7057E2003A2C6F /* CarbonTrackrOfficial.app */;
			productType = "com.apple.product-type.application";
		};
		1374EDC12A7057E4003A2C6F /* CarbonTrackrOfficialTests */ = {
			isa = PBXNativeTarget;
			buildConfigurationList = 1374EDD92A7057E4003A2C6F /* Build configuration list for PBXNativeTarget "CarbonTrackrOfficialTests" */;
			buildPhases = (
				1374EDBE2A7057E4003A2C6F /* Sources */,
				1374EDBF2A7057E4003A2C6F /* Frameworks */,
				1374EDC02A7057E4003A2C6F /* Resources */,
			);
			buildRules = (
			);
			dependencies = (
				1374EDC42A7057E4003A2C6F /* PBXTargetDependency */,
			);
			name = CarbonTrackrOfficialTests;
			productName = CarbonTrackrOfficialTests;
			productReference = 1374EDC22A7057E4003A2C6F /* CarbonTrackrOfficialTests.xctest */;
			productType = "com.apple.product-type.bundle.unit-test";
		};
		1374EDCB2A7057E4003A2C6F /* CarbonTrackrOfficialUITests */ = {
			isa = PBXNativeTarget;
			buildConfigurationList = 1374EDDC2A7057E4003A2C6F /* Build configuration list for PBXNativeTarget "CarbonTrackrOfficialUITests" */;
			buildPhases = (
				1374EDC82A7057E4003A2C6F /* Sources */,
				1374EDC92A7057E4003A2C6F /* Frameworks */,
				1374EDCA2A7057E4003A2C6F /* Resources */,
			);
			buildRules = (
			);
			dependencies = (
				1374EDCE2A7057E4003A2C6F /* PBXTargetDependency */,
			);
			name = CarbonTrackrOfficialUITests;
			productName = CarbonTrackrOfficialUITests;
			productReference = 1374EDCC2A7057E4003A2C6F /* CarbonTrackrOfficialUITests.xctest */;
			productType = "com.apple.product-type.bundle.ui-testing";
		};
/* End PBXNativeTarget section */

/* Begin PBXProject section */
		1374EDA42A7057E2003A2C6F /* Project object */ = {
			isa = PBXProject;
			attributes = {
				BuildIndependentTargetsInParallel = 1;
				LastSwiftUpdateCheck = 1320;
				LastUpgradeCheck = 1320;
				TargetAttributes = {
					1374EDAB2A7057E2003A2C6F = {
						CreatedOnToolsVersion = 13.2;
					};
					1374EDC12A7057E4003A2C6F = {
						CreatedOnToolsVersion = 13.2;
						TestTargetID = 1374EDAB2A7057E2003A2C6F;
					};
					1374EDCB2A7057E4003A2C6F = {
						CreatedOnToolsVersion = 13.2;
						TestTargetID = 1374EDAB2A7057E2003A2C6F;
					};
				};
			};
			buildConfigurationList = 1374EDA72A7057E2003A2C6F /* Build configuration list for PBXProject "CarbonTrackrOfficial" */;
			compatibilityVersion = "Xcode 13.0";
			developmentRegion = en;
			hasScannedForEncodings = 0;
			knownRegions = (
				en,
				Base,
			);
			mainGroup = 1374EDA32A7057E2003A2C6F;
			packageReferences = (
				8D3E5C222A7E0FB900E466E4 /* XCRemoteSwiftPackageReference "firebase-ios-sdk" */,
				8D3E5C272A7E1C9300E466E4 /* XCRemoteSwiftPackageReference "GoogleSignIn-iOS" */,
			);
			productRefGroup = 1374EDAD2A7057E2003A2C6F /* Products */;
			projectDirPath = "";
			projectRoot = "";
			targets = (
				1374EDAB2A7057E2003A2C6F /* CarbonTrackrOfficial */,
				1374EDC12A7057E4003A2C6F /* CarbonTrackrOfficialTests */,
				1374EDCB2A7057E4003A2C6F /* CarbonTrackrOfficialUITests */,
			);
		};
/* End PBXProject section */

/* Begin PBXResourcesBuildPhase section */
		1374EDAA2A7057E2003A2C6F /* Resources */ = {
			isa = PBXResourcesBuildPhase;
			buildActionMask = 2147483647;
			files = (
				8D2772B92A7AC4D80013FE6D /* LaunchScreen.storyboard in Resources */,
				8DF9FC372A82CD5300E6B3DA /* Main.storyboard in Resources */,
				1374EDB92A7057E4003A2C6F /* Assets.xcassets in Resources */,
				8DBD30DB2A82CBE300F165CA /* GoogleService-Info.plist in Resources */,
			);
			runOnlyForDeploymentPostprocessing = 0;
		};
		1374EDC02A7057E4003A2C6F /* Resources */ = {
			isa = PBXResourcesBuildPhase;
			buildActionMask = 2147483647;
			files = (
			);
			runOnlyForDeploymentPostprocessing = 0;
		};
		1374EDCA2A7057E4003A2C6F /* Resources */ = {
			isa = PBXResourcesBuildPhase;
			buildActionMask = 2147483647;
			files = (
			);
			runOnlyForDeploymentPostprocessing = 0;
		};
/* End PBXResourcesBuildPhase section */

/* Begin PBXSourcesBuildPhase section */
		1374EDA82A7057E2003A2C6F /* Sources */ = {
			isa = PBXSourcesBuildPhase;
			buildActionMask = 2147483647;
			files = (
				8D9D01572A73316600223224 /* LogInView.swift in Sources */,
				1374EDB02A7057E2003A2C6F /* AppDelegate.swift in Sources */,
				8D5716BD2A81F6390086722D /* CreateAccount.swift in Sources */,
				8D9D01552A73315000223224 /* ViewController.swift in Sources */,
				1374EDB22A7057E2003A2C6F /* SceneDelegate.swift in Sources */,
			);
			runOnlyForDeploymentPostprocessing = 0;
		};
		1374EDBE2A7057E4003A2C6F /* Sources */ = {
			isa = PBXSourcesBuildPhase;
			buildActionMask = 2147483647;
			files = (
				1374EDC72A7057E4003A2C6F /* CarbonTrackrOfficialTests.swift in Sources */,
			);
			runOnlyForDeploymentPostprocessing = 0;
		};
		1374EDC82A7057E4003A2C6F /* Sources */ = {
			isa = PBXSourcesBuildPhase;
			buildActionMask = 2147483647;
			files = (
				1374EDD12A7057E4003A2C6F /* CarbonTrackrOfficialUITests.swift in Sources */,
				1374EDD32A7057E4003A2C6F /* CarbonTrackrOfficialUITestsLaunchTests.swift in Sources */,
			);
			runOnlyForDeploymentPostprocessing = 0;
		};
/* End PBXSourcesBuildPhase section */

/* Begin PBXTargetDependency section */
		1374EDC42A7057E4003A2C6F /* PBXTargetDependency */ = {
			isa = PBXTargetDependency;
			target = 1374EDAB2A7057E2003A2C6F /* CarbonTrackrOfficial */;
			targetProxy = 1374EDC32A7057E4003A2C6F /* PBXContainerItemProxy */;
		};
		1374EDCE2A7057E4003A2C6F /* PBXTargetDependency */ = {
			isa = PBXTargetDependency;
			target = 1374EDAB2A7057E2003A2C6F /* CarbonTrackrOfficial */;
			targetProxy = 1374EDCD2A7057E4003A2C6F /* PBXContainerItemProxy */;
		};
/* End PBXTargetDependency section */

/* Begin XCBuildConfiguration section */
		1374EDD42A7057E4003A2C6F /* Debug */ = {
			isa = XCBuildConfiguration;
			buildSettings = {
				ALWAYS_SEARCH_USER_PATHS = NO;
				CLANG_ANALYZER_NONNULL = YES;
				CLANG_ANALYZER_NUMBER_OBJECT_CONVERSION = YES_AGGRESSIVE;
				CLANG_CXX_LANGUAGE_STANDARD = "gnu++17";
				CLANG_CXX_LIBRARY = "libc++";
				CLANG_ENABLE_MODULES = YES;
				CLANG_ENABLE_OBJC_ARC = YES;
				CLANG_ENABLE_OBJC_WEAK = YES;
				CLANG_WARN_BLOCK_CAPTURE_AUTORELEASING = YES;
				CLANG_WARN_BOOL_CONVERSION = YES;
				CLANG_WARN_COMMA = YES;
				CLANG_WARN_CONSTANT_CONVERSION = YES;
				CLANG_WARN_DEPRECATED_OBJC_IMPLEMENTATIONS = YES;
				CLANG_WARN_DIRECT_OBJC_ISA_USAGE = YES_ERROR;
				CLANG_WARN_DOCUMENTATION_COMMENTS = YES;
				CLANG_WARN_EMPTY_BODY = YES;
				CLANG_WARN_ENUM_CONVERSION = YES;
				CLANG_WARN_INFINITE_RECURSION = YES;
				CLANG_WARN_INT_CONVERSION = YES;
				CLANG_WARN_NON_LITERAL_NULL_CONVERSION = YES;
				CLANG_WARN_OBJC_IMPLICIT_RETAIN_SELF = YES;
				CLANG_WARN_OBJC_LITERAL_CONVERSION = YES;
				CLANG_WARN_OBJC_ROOT_CLASS = YES_ERROR;
				CLANG_WARN_QUOTED_INCLUDE_IN_FRAMEWORK_HEADER = YES;
				CLANG_WARN_RANGE_LOOP_ANALYSIS = YES;
				CLANG_WARN_STRICT_PROTOTYPES = YES;
				CLANG_WARN_SUSPICIOUS_MOVE = YES;
				CLANG_WARN_UNGUARDED_AVAILABILITY = YES_AGGRESSIVE;
				CLANG_WARN_UNREACHABLE_CODE = YES;
				CLANG_WARN__DUPLICATE_METHOD_MATCH = YES;
				COPY_PHASE_STRIP = NO;
				DEBUG_INFORMATION_FORMAT = dwarf;
				ENABLE_STRICT_OBJC_MSGSEND = YES;
				ENABLE_TESTABILITY = YES;
				GCC_C_LANGUAGE_STANDARD = gnu11;
				GCC_DYNAMIC_NO_PIC = NO;
				GCC_NO_COMMON_BLOCKS = YES;
				GCC_OPTIMIZATION_LEVEL = 0;
				GCC_PREPROCESSOR_DEFINITIONS = (
					"DEBUG=1",
					"$(inherited)",
				);
				GCC_WARN_64_TO_32_BIT_CONVERSION = YES;
				GCC_WARN_ABOUT_RETURN_TYPE = YES_ERROR;
				GCC_WARN_UNDECLARED_SELECTOR = YES;
				GCC_WARN_UNINITIALIZED_AUTOS = YES_AGGRESSIVE;
				GCC_WARN_UNUSED_FUNCTION = YES;
				GCC_WARN_UNUSED_VARIABLE = YES;
				IPHONEOS_DEPLOYMENT_TARGET = 15.2;
				MTL_ENABLE_DEBUG_INFO = INCLUDE_SOURCE;
				MTL_FAST_MATH = YES;
				ONLY_ACTIVE_ARCH = YES;
				SDKROOT = iphoneos;
				SWIFT_ACTIVE_COMPILATION_CONDITIONS = DEBUG;
				SWIFT_OPTIMIZATION_LEVEL = "-Onone";
			};
			name = Debug;
		};
		1374EDD52A7057E4003A2C6F /* Release */ = {
			isa = XCBuildConfiguration;
			buildSettings = {
				ALWAYS_SEARCH_USER_PATHS = NO;
				CLANG_ANALYZER_NONNULL = YES;
				CLANG_ANALYZER_NUMBER_OBJECT_CONVERSION = YES_AGGRESSIVE;
				CLANG_CXX_LANGUAGE_STANDARD = "gnu++17";
				CLANG_CXX_LIBRARY = "libc++";
				CLANG_ENABLE_MODULES = YES;
				CLANG_ENABLE_OBJC_ARC = YES;
				CLANG_ENABLE_OBJC_WEAK = YES;
				CLANG_WARN_BLOCK_CAPTURE_AUTORELEASING = YES;
				CLANG_WARN_BOOL_CONVERSION = YES;
				CLANG_WARN_COMMA = YES;
				CLANG_WARN_CONSTANT_CONVERSION = YES;
				CLANG_WARN_DEPRECATED_OBJC_IMPLEMENTATIONS = YES;
				CLANG_WARN_DIRECT_OBJC_ISA_USAGE = YES_ERROR;
				CLANG_WARN_DOCUMENTATION_COMMENTS = YES;
				CLANG_WARN_EMPTY_BODY = YES;
				CLANG_WARN_ENUM_CONVERSION = YES;
				CLANG_WARN_INFINITE_RECURSION = YES;
				CLANG_WARN_INT_CONVERSION = YES;
				CLANG_WARN_NON_LITERAL_NULL_CONVERSION = YES;
				CLANG_WARN_OBJC_IMPLICIT_RETAIN_SELF = YES;
				CLANG_WARN_OBJC_LITERAL_CONVERSION = YES;
				CLANG_WARN_OBJC_ROOT_CLASS = YES_ERROR;
				CLANG_WARN_QUOTED_INCLUDE_IN_FRAMEWORK_HEADER = YES;
				CLANG_WARN_RANGE_LOOP_ANALYSIS = YES;
				CLANG_WARN_STRICT_PROTOTYPES = YES;
				CLANG_WARN_SUSPICIOUS_MOVE = YES;
				CLANG_WARN_UNGUARDED_AVAILABILITY = YES_AGGRESSIVE;
				CLANG_WARN_UNREACHABLE_CODE = YES;
				CLANG_WARN__DUPLICATE_METHOD_MATCH = YES;
				COPY_PHASE_STRIP = NO;
				DEBUG_INFORMATION_FORMAT = "dwarf-with-dsym";
				ENABLE_NS_ASSERTIONS = NO;
				ENABLE_STRICT_OBJC_MSGSEND = YES;
				GCC_C_LANGUAGE_STANDARD = gnu11;
				GCC_NO_COMMON_BLOCKS = YES;
				GCC_WARN_64_TO_32_BIT_CONVERSION = YES;
				GCC_WARN_ABOUT_RETURN_TYPE = YES_ERROR;
				GCC_WARN_UNDECLARED_SELECTOR = YES;
				GCC_WARN_UNINITIALIZED_AUTOS = YES_AGGRESSIVE;
				GCC_WARN_UNUSED_FUNCTION = YES;
				GCC_WARN_UNUSED_VARIABLE = YES;
				IPHONEOS_DEPLOYMENT_TARGET = 15.2;
				MTL_ENABLE_DEBUG_INFO = NO;
				MTL_FAST_MATH = YES;
				SDKROOT = iphoneos;
				SWIFT_COMPILATION_MODE = wholemodule;
				SWIFT_OPTIMIZATION_LEVEL = "-O";
				VALIDATE_PRODUCT = YES;
			};
			name = Release;
		};
		1374EDD72A7057E4003A2C6F /* Debug */ = {
			isa = XCBuildConfiguration;
			buildSettings = {
				ASSETCATALOG_COMPILER_APPICON_NAME = AppIcon;
				ASSETCATALOG_COMPILER_GLOBAL_ACCENT_COLOR_NAME = AccentColor;
				CODE_SIGN_STYLE = Automatic;
				CURRENT_PROJECT_VERSION = 1;
				DEVELOPMENT_TEAM = HN2D6RX76W;
				GENERATE_INFOPLIST_FILE = YES;
				INFOPLIST_FILE = CarbonTrackrOfficial/Info.plist;
				INFOPLIST_KEY_UIApplicationSupportsIndirectInputEvents = YES;
				INFOPLIST_KEY_UILaunchStoryboardName = LaunchScreen;
				INFOPLIST_KEY_UIMainStoryboardFile = Main;
				INFOPLIST_KEY_UISupportedInterfaceOrientations_iPad = "UIInterfaceOrientationPortrait UIInterfaceOrientationPortraitUpsideDown UIInterfaceOrientationLandscapeLeft UIInterfaceOrientationLandscapeRight";
				INFOPLIST_KEY_UISupportedInterfaceOrientations_iPhone = "UIInterfaceOrientationPortrait UIInterfaceOrientationLandscapeLeft UIInterfaceOrientationLandscapeRight";
				LD_RUNPATH_SEARCH_PATHS = (
					"$(inherited)",
					"@executable_path/Frameworks",
				);
				MARKETING_VERSION = 1.0;
				PRODUCT_BUNDLE_IDENTIFIER = "Sathvik-Mann.CarbonTrackr";
				PRODUCT_NAME = "$(TARGET_NAME)";
				SWIFT_EMIT_LOC_STRINGS = YES;
				SWIFT_VERSION = 5.0;
				TARGETED_DEVICE_FAMILY = "1,2";
			};
			name = Debug;
		};
		1374EDD82A7057E4003A2C6F /* Release */ = {
			isa = XCBuildConfiguration;
			buildSettings = {
				ASSETCATALOG_COMPILER_APPICON_NAME = AppIcon;
				ASSETCATALOG_COMPILER_GLOBAL_ACCENT_COLOR_NAME = AccentColor;
				CODE_SIGN_STYLE = Automatic;
				CURRENT_PROJECT_VERSION = 1;
				DEVELOPMENT_TEAM = HN2D6RX76W;
				GENERATE_INFOPLIST_FILE = YES;
				INFOPLIST_FILE = CarbonTrackrOfficial/Info.plist;
				INFOPLIST_KEY_UIApplicationSupportsIndirectInputEvents = YES;
				INFOPLIST_KEY_UILaunchStoryboardName = LaunchScreen;
				INFOPLIST_KEY_UIMainStoryboardFile = Main;
				INFOPLIST_KEY_UISupportedInterfaceOrientations_iPad = "UIInterfaceOrientationPortrait UIInterfaceOrientationPortraitUpsideDown UIInterfaceOrientationLandscapeLeft UIInterfaceOrientationLandscapeRight";
				INFOPLIST_KEY_UISupportedInterfaceOrientations_iPhone = "UIInterfaceOrientationPortrait UIInterfaceOrientationLandscapeLeft UIInterfaceOrientationLandscapeRight";
				LD_RUNPATH_SEARCH_PATHS = (
					"$(inherited)",
					"@executable_path/Frameworks",
				);
				MARKETING_VERSION = 1.0;
				PRODUCT_BUNDLE_IDENTIFIER = "Sathvik-Mann.CarbonTrackr";
				PRODUCT_NAME = "$(TARGET_NAME)";
				SWIFT_EMIT_LOC_STRINGS = YES;
				SWIFT_VERSION = 5.0;
				TARGETED_DEVICE_FAMILY = "1,2";
			};
			name = Release;
		};
		1374EDDA2A7057E4003A2C6F /* Debug */ = {
			isa = XCBuildConfiguration;
			buildSettings = {
				ALWAYS_EMBED_SWIFT_STANDARD_LIBRARIES = YES;
				BUNDLE_LOADER = "$(TEST_HOST)";
				CODE_SIGN_STYLE = Automatic;
				CURRENT_PROJECT_VERSION = 1;
				GENERATE_INFOPLIST_FILE = YES;
				IPHONEOS_DEPLOYMENT_TARGET = 15.2;
				MARKETING_VERSION = 1.0;
				PRODUCT_BUNDLE_IDENTIFIER = "Sathvik-Mann.CarbonTrackr.CarbonTrackrOfficialTests";
				PRODUCT_NAME = "$(TARGET_NAME)";
				SWIFT_EMIT_LOC_STRINGS = NO;
				SWIFT_VERSION = 5.0;
				TARGETED_DEVICE_FAMILY = "1,2";
				TEST_HOST = "$(BUILT_PRODUCTS_DIR)/CarbonTrackrOfficial.app/CarbonTrackrOfficial";
			};
			name = Debug;
		};
		1374EDDB2A7057E4003A2C6F /* Release */ = {
			isa = XCBuildConfiguration;
			buildSettings = {
				ALWAYS_EMBED_SWIFT_STANDARD_LIBRARIES = YES;
				BUNDLE_LOADER = "$(TEST_HOST)";
				CODE_SIGN_STYLE = Automatic;
				CURRENT_PROJECT_VERSION = 1;
				GENERATE_INFOPLIST_FILE = YES;
				IPHONEOS_DEPLOYMENT_TARGET = 15.2;
				MARKETING_VERSION = 1.0;
				PRODUCT_BUNDLE_IDENTIFIER = "Sathvik-Mann.CarbonTrackr.CarbonTrackrOfficialTests";
				PRODUCT_NAME = "$(TARGET_NAME)";
				SWIFT_EMIT_LOC_STRINGS = NO;
				SWIFT_VERSION = 5.0;
				TARGETED_DEVICE_FAMILY = "1,2";
				TEST_HOST = "$(BUILT_PRODUCTS_DIR)/CarbonTrackrOfficial.app/CarbonTrackrOfficial";
			};
			name = Release;
		};
		1374EDDD2A7057E4003A2C6F /* Debug */ = {
			isa = XCBuildConfiguration;
			buildSettings = {
				ALWAYS_EMBED_SWIFT_STANDARD_LIBRARIES = YES;
				CODE_SIGN_STYLE = Automatic;
				CURRENT_PROJECT_VERSION = 1;
				GENERATE_INFOPLIST_FILE = YES;
				MARKETING_VERSION = 1.0;
				PRODUCT_BUNDLE_IDENTIFIER = "Sathvik-Mann.CarbonTrackr.CarbonTrackrOfficialUITests";
				PRODUCT_NAME = "$(TARGET_NAME)";
				SWIFT_EMIT_LOC_STRINGS = NO;
				SWIFT_VERSION = 5.0;
				TARGETED_DEVICE_FAMILY = "1,2";
				TEST_TARGET_NAME = CarbonTrackrOfficial;
			};
			name = Debug;
		};
		1374EDDE2A7057E4003A2C6F /* Release */ = {
			isa = XCBuildConfiguration;
			buildSettings = {
				ALWAYS_EMBED_SWIFT_STANDARD_LIBRARIES = YES;
				CODE_SIGN_STYLE = Automatic;
				CURRENT_PROJECT_VERSION = 1;
				GENERATE_INFOPLIST_FILE = YES;
				MARKETING_VERSION = 1.0;
				PRODUCT_BUNDLE_IDENTIFIER = "Sathvik-Mann.CarbonTrackr.CarbonTrackrOfficialUITests";
				PRODUCT_NAME = "$(TARGET_NAME)";
				SWIFT_EMIT_LOC_STRINGS = NO;
				SWIFT_VERSION = 5.0;
				TARGETED_DEVICE_FAMILY = "1,2";
				TEST_TARGET_NAME = CarbonTrackrOfficial;
			};
			name = Release;
		};
/* End XCBuildConfiguration section */

/* Begin XCConfigurationList section */
		1374EDA72A7057E2003A2C6F /* Build configuration list for PBXProject "CarbonTrackrOfficial" */ = {
			isa = XCConfigurationList;
			buildConfigurations = (
				1374EDD42A7057E4003A2C6F /* Debug */,
				1374EDD52A7057E4003A2C6F /* Release */,
			);
			defaultConfigurationIsVisible = 0;
			defaultConfigurationName = Release;
		};
		1374EDD62A7057E4003A2C6F /* Build configuration list for PBXNativeTarget "CarbonTrackrOfficial" */ = {
			isa = XCConfigurationList;
			buildConfigurations = (
				1374EDD72A7057E4003A2C6F /* Debug */,
				1374EDD82A7057E4003A2C6F /* Release */,
			);
			defaultConfigurationIsVisible = 0;
			defaultConfigurationName = Release;
		};
		1374EDD92A7057E4003A2C6F /* Build configuration list for PBXNativeTarget "CarbonTrackrOfficialTests" */ = {
			isa = XCConfigurationList;
			buildConfigurations = (
				1374EDDA2A7057E4003A2C6F /* Debug */,
				1374EDDB2A7057E4003A2C6F /* Release */,
			);
			defaultConfigurationIsVisible = 0;
			defaultConfigurationName = Release;
		};
		1374EDDC2A7057E4003A2C6F /* Build configuration list for PBXNativeTarget "CarbonTrackrOfficialUITests" */ = {
			isa = XCConfigurationList;
			buildConfigurations = (
				1374EDDD2A7057E4003A2C6F /* Debug */,
				1374EDDE2A7057E4003A2C6F /* Release */,
			);
			defaultConfigurationIsVisible = 0;
			defaultConfigurationName = Release;
		};
/* End XCConfigurationList section */

/* Begin XCRemoteSwiftPackageReference section */
		8D3E5C222A7E0FB900E466E4 /* XCRemoteSwiftPackageReference "firebase-ios-sdk" */ = {
			isa = XCRemoteSwiftPackageReference;
			repositoryURL = "https://github.com/firebase/firebase-ios-sdk";
			requirement = {
				kind = upToNextMajorVersion;
				minimumVersion = 10.0.0;
			};
		};
		8D3E5C272A7E1C9300E466E4 /* XCRemoteSwiftPackageReference "GoogleSignIn-iOS" */ = {
			isa = XCRemoteSwiftPackageReference;
			repositoryURL = "https://github.com/google/GoogleSignIn-iOS";
			requirement = {
				kind = upToNextMajorVersion;
				minimumVersion = 7.0.0;
			};
		};
/* End XCRemoteSwiftPackageReference section */

/* Begin XCSwiftPackageProductDependency section */
		8D3E5C232A7E0FBA00E466E4 /* FirebaseAnalytics */ = {
			isa = XCSwiftPackageProductDependency;
			package = 8D3E5C222A7E0FB900E466E4 /* XCRemoteSwiftPackageReference "firebase-ios-sdk" */;
			productName = FirebaseAnalytics;
		};
		8D3E5C252A7E0FBA00E466E4 /* FirebaseAnalyticsSwift */ = {
			isa = XCSwiftPackageProductDependency;
			package = 8D3E5C222A7E0FB900E466E4 /* XCRemoteSwiftPackageReference "firebase-ios-sdk" */;
			productName = FirebaseAnalyticsSwift;
		};
		8D3E5C282A7E1C9300E466E4 /* GoogleSignIn */ = {
			isa = XCSwiftPackageProductDependency;
			package = 8D3E5C272A7E1C9300E466E4 /* XCRemoteSwiftPackageReference "GoogleSignIn-iOS" */;
			productName = GoogleSignIn;
		};
		8D3E5C2A2A7E1C9300E466E4 /* GoogleSignInSwift */ = {
			isa = XCSwiftPackageProductDependency;
			package = 8D3E5C272A7E1C9300E466E4 /* XCRemoteSwiftPackageReference "GoogleSignIn-iOS" */;
			productName = GoogleSignInSwift;
		};
		8D3E5C2D2A7E21C300E466E4 /* FirebaseAuth */ = {
			isa = XCSwiftPackageProductDependency;
			package = 8D3E5C222A7E0FB900E466E4 /* XCRemoteSwiftPackageReference "firebase-ios-sdk" */;
			productName = FirebaseAuth;
		};
		8D3E5C2F2A7E258C00E466E4 /* FirebaseDatabase */ = {
			isa = XCSwiftPackageProductDependency;
			package = 8D3E5C222A7E0FB900E466E4 /* XCRemoteSwiftPackageReference "firebase-ios-sdk" */;
			productName = FirebaseDatabase;
		};
		8D3E5C312A7EB57600E466E4 /* FirebaseFirestoreSwift */ = {
			isa = XCSwiftPackageProductDependency;
			package = 8D3E5C222A7E0FB900E466E4 /* XCRemoteSwiftPackageReference "firebase-ios-sdk" */;
			productName = FirebaseFirestoreSwift;
		};
		8D3E5C332A7EB57B00E466E4 /* FirebaseFirestore */ = {
			isa = XCSwiftPackageProductDependency;
			package = 8D3E5C222A7E0FB900E466E4 /* XCRemoteSwiftPackageReference "firebase-ios-sdk" */;
			productName = FirebaseFirestore;
		};
/* End XCSwiftPackageProductDependency section */
	};
	rootObject = 1374EDA42A7057E2003A2C6F /* Project object */;
}
